// !$*UTF8*$!
{
	archiveVersion = 1;
	classes = {
	};
	objectVersion = 77;
	objects = {

/* Begin PBXBuildFile section */
		B61287102DDF243200F17B3B /* TaskItem.swift in Sources */ = {isa = PBXBuildFile; fileRef = B612870F2DDF243200F17B3B /* TaskItem.swift */; };
		B61287812DE4923100F17B3B /* ImagePicker.swift in Sources */ = {isa = PBXBuildFile; fileRef = B61287802DE4923100F17B3B /* ImagePicker.swift */; };
		B61287832DE4925500F17B3B /* DocumentScanner.swift in Sources */ = {isa = PBXBuildFile; fileRef = B61287822DE4925500F17B3B /* DocumentScanner.swift */; };
		B61287852DE4927700F17B3B /* TextScanner.swift in Sources */ = {isa = PBXBuildFile; fileRef = B61287842DE4927700F17B3B /* TextScanner.swift */; };
		B61287A42DE5CB5900F17B3B /* MenuModalView.swift in Sources */ = {isa = PBXBuildFile; fileRef = B61287A32DE5CB5900F17B3B /* MenuModalView.swift */; };
		B61287A62DE5D7B700F17B3B /* TaskList.swift in Sources */ = {isa = PBXBuildFile; fileRef = B61287A52DE5D7B700F17B3B /* TaskList.swift */; };
/* End PBXBuildFile section */

/* Begin PBXFileReference section */
		B61286F22DDF085D00F17B3B /* Organazr.app */ = {isa = PBXFileReference; explicitFileType = wrapper.application; includeInIndex = 0; path = Organazr.app; sourceTree = BUILT_PRODUCTS_DIR; };
		B612870F2DDF243200F17B3B /* TaskItem.swift */ = {isa = PBXFileReference; lastKnownFileType = sourcecode.swift; path = TaskItem.swift; sourceTree = "<group>"; };
		B61287802DE4923100F17B3B /* ImagePicker.swift */ = {isa = PBXFileReference; lastKnownFileType = sourcecode.swift; path = ImagePicker.swift; sourceTree = "<group>"; };
		B61287822DE4925500F17B3B /* DocumentScanner.swift */ = {isa = PBXFileReference; lastKnownFileType = sourcecode.swift; path = DocumentScanner.swift; sourceTree = "<group>"; };
		B61287842DE4927700F17B3B /* TextScanner.swift */ = {isa = PBXFileReference; lastKnownFileType = sourcecode.swift; path = TextScanner.swift; sourceTree = "<group>"; };
		B61287862DE4961600F17B3B /* Organazr-Info.plist */ = {isa = PBXFileReference; lastKnownFileType = text.plist; path = "Organazr-Info.plist"; sourceTree = "<group>"; };
		B61287A32DE5CB5900F17B3B /* MenuModalView.swift */ = {isa = PBXFileReference; lastKnownFileType = sourcecode.swift; path = MenuModalView.swift; sourceTree = "<group>"; };
		B61287A52DE5D7B700F17B3B /* TaskList.swift */ = {isa = PBXFileReference; lastKnownFileType = sourcecode.swift; path = TaskList.swift; sourceTree = "<group>"; };
/* End PBXFileReference section */

/* Begin PBXFileSystemSynchronizedBuildFileExceptionSet section */
		B612877E2DE45E5D00F17B3B /* Exceptions for "АктивитиХуиити" folder in "Organazr" target */ = {
			isa = PBXFileSystemSynchronizedBuildFileExceptionSet;
			membershipExceptions = (
				ActivityView.swift,
			);
			target = B61286F12DDF085D00F17B3B /* Organazr */;
		};
/* End PBXFileSystemSynchronizedBuildFileExceptionSet section */

/* Begin PBXFileSystemSynchronizedRootGroup section */
		B61286F42DDF085D00F17B3B /* Organazr */ = {
			isa = PBXFileSystemSynchronizedRootGroup;
			path = Organazr;
			sourceTree = "<group>";
		};
		B612877B2DE45E3200F17B3B /* АктивитиХуиити */ = {
			isa = PBXFileSystemSynchronizedRootGroup;
			exceptions = (
				B612877E2DE45E5D00F17B3B /* Exceptions for "АктивитиХуиити" folder in "Organazr" target */,
			);
			path = "АктивитиХуиити";
			sourceTree = "<group>";
		};
/* End PBXFileSystemSynchronizedRootGroup section */

/* Begin PBXFrameworksBuildPhase section */
		B61286EF2DDF085D00F17B3B /* Frameworks */ = {
			isa = PBXFrameworksBuildPhase;
			buildActionMask = 2147483647;
			files = (
			);
			runOnlyForDeploymentPostprocessing = 0;
		};
/* End PBXFrameworksBuildPhase section */

/* Begin PBXGroup section */
		B61286E92DDF085D00F17B3B = {
			isa = PBXGroup;
			children = (
				B61287A22DE5CB3100F17B3B /* МенюСТремялиниями */,
				B61287862DE4961600F17B3B /* Organazr-Info.plist */,
				B612877F2DE4920800F17B3B /* КамераИСканер */,
				B612877B2DE45E3200F17B3B /* АктивитиХуиити */,
				B612870E2DDF240C00F17B3B /* Models */,
				B612870D2DDF23ED00F17B3B /* New Group */,
				B61286F32DDF085D00F17B3B /* Products */,
			);
			sourceTree = "<group>";
		};
		B61286F32DDF085D00F17B3B /* Products */ = {
			isa = PBXGroup;
			children = (
				B61286F22DDF085D00F17B3B /* Organazr.app */,
			);
			name = Products;
			sourceTree = "<group>";
		};
		B612870D2DDF23ED00F17B3B /* New Group */ = {
			isa = PBXGroup;
			children = (
				B61286F42DDF085D00F17B3B /* Organazr */,
			);
			path = "New Group";
			sourceTree = "<group>";
		};
		B612870E2DDF240C00F17B3B /* Models */ = {
			isa = PBXGroup;
			children = (
				B612870F2DDF243200F17B3B /* TaskItem.swift */,
				B61287A52DE5D7B700F17B3B /* TaskList.swift */,
			);
			path = Models;
			sourceTree = "<group>";
		};
		B612877F2DE4920800F17B3B /* КамераИСканер */ = {
			isa = PBXGroup;
			children = (
				B61287802DE4923100F17B3B /* ImagePicker.swift */,
				B61287822DE4925500F17B3B /* DocumentScanner.swift */,
				B61287842DE4927700F17B3B /* TextScanner.swift */,
			);
			path = "КамераИСканер";
			sourceTree = "<group>";
		};
		B61287A22DE5CB3100F17B3B /* МенюСТремялиниями */ = {
			isa = PBXGroup;
			children = (
				B61287A32DE5CB5900F17B3B /* MenuModalView.swift */,
			);
			path = "МенюСТремялиниями";
			sourceTree = "<group>";
		};
/* End PBXGroup section */

/* Begin PBXNativeTarget section */
		B61286F12DDF085D00F17B3B /* Organazr */ = {
			isa = PBXNativeTarget;
			buildConfigurationList = B61286FD2DDF085F00F17B3B /* Build configuration list for PBXNativeTarget "Organazr" */;
			buildPhases = (
				B61286EE2DDF085D00F17B3B /* Sources */,
				B61286EF2DDF085D00F17B3B /* Frameworks */,
				B61286F02DDF085D00F17B3B /* Resources */,
			);
			buildRules = (
			);
			dependencies = (
			);
			fileSystemSynchronizedGroups = (
				B61286F42DDF085D00F17B3B /* Organazr */,
			);
			name = Organazr;
			packageProductDependencies = (
			);
			productName = Organazr;
			productReference = B61286F22DDF085D00F17B3B /* Organazr.app */;
			productType = "com.apple.product-type.application";
		};
/* End PBXNativeTarget section */

/* Begin PBXProject section */
		B61286EA2DDF085D00F17B3B /* Project object */ = {
			isa = PBXProject;
			attributes = {
				BuildIndependentTargetsInParallel = 1;
				LastSwiftUpdateCheck = 1630;
				LastUpgradeCheck = 1630;
				TargetAttributes = {
					B61286F12DDF085D00F17B3B = {
						CreatedOnToolsVersion = 16.3;
					};
				};
			};
			buildConfigurationList = B61286ED2DDF085D00F17B3B /* Build configuration list for PBXProject "Organazr" */;
			developmentRegion = en;
			hasScannedForEncodings = 0;
			knownRegions = (
				en,
				Base,
			);
			mainGroup = B61286E92DDF085D00F17B3B;
			minimizedProjectReferenceProxies = 1;
			preferredProjectObjectVersion = 77;
			productRefGroup = B61286F32DDF085D00F17B3B /* Products */;
			projectDirPath = "";
			projectRoot = "";
			targets = (
				B61286F12DDF085D00F17B3B /* Organazr */,
			);
		};
/* End PBXProject section */

/* Begin PBXResourcesBuildPhase section */
		B61286F02DDF085D00F17B3B /* Resources */ = {
			isa = PBXResourcesBuildPhase;
			buildActionMask = 2147483647;
			files = (
			);
			runOnlyForDeploymentPostprocessing = 0;
		};
/* End PBXResourcesBuildPhase section */

/* Begin PBXSourcesBuildPhase section */
		B61286EE2DDF085D00F17B3B /* Sources */ = {
			isa = PBXSourcesBuildPhase;
			buildActionMask = 2147483647;
			files = (
				B61287A42DE5CB5900F17B3B /* MenuModalView.swift in Sources */,
				B61287812DE4923100F17B3B /* ImagePicker.swift in Sources */,
				B61287832DE4925500F17B3B /* DocumentScanner.swift in Sources */,
				B61287A62DE5D7B700F17B3B /* TaskList.swift in Sources */,
				B61287852DE4927700F17B3B /* TextScanner.swift in Sources */,
				B61287102DDF243200F17B3B /* TaskItem.swift in Sources */,
			);
			runOnlyForDeploymentPostprocessing = 0;
		};
/* End PBXSourcesBuildPhase section */

/* Begin XCBuildConfiguration section */
		B61286FB2DDF085F00F17B3B /* Debug */ = {
			isa = XCBuildConfiguration;
			buildSettings = {
				ALWAYS_SEARCH_USER_PATHS = NO;
				ASSETCATALOG_COMPILER_GENERATE_SWIFT_ASSET_SYMBOL_EXTENSIONS = YES;
				CLANG_ANALYZER_NONNULL = YES;
				CLANG_ANALYZER_NUMBER_OBJECT_CONVERSION = YES_AGGRESSIVE;
				CLANG_CXX_LANGUAGE_STANDARD = "gnu++20";
				CLANG_ENABLE_MODULES = YES;
				CLANG_ENABLE_OBJC_ARC = YES;
				CLANG_ENABLE_OBJC_WEAK = YES;
				CLANG_WARN_BLOCK_CAPTURE_AUTORELEASING = YES;
				CLANG_WARN_BOOL_CONVERSION = YES;
				CLANG_WARN_COMMA = YES;
				CLANG_WARN_CONSTANT_CONVERSION = YES;
				CLANG_WARN_DEPRECATED_OBJC_IMPLEMENTATIONS = YES;
				CLANG_WARN_DIRECT_OBJC_ISA_USAGE = YES_ERROR;
				CLANG_WARN_DOCUMENTATION_COMMENTS = YES;
				CLANG_WARN_EMPTY_BODY = YES;
				CLANG_WARN_ENUM_CONVERSION = YES;
				CLANG_WARN_INFINITE_RECURSION = YES;
				CLANG_WARN_INT_CONVERSION = YES;
				CLANG_WARN_NON_LITERAL_NULL_CONVERSION = YES;
				CLANG_WARN_OBJC_IMPLICIT_RETAIN_SELF = YES;
				CLANG_WARN_OBJC_LITERAL_CONVERSION = YES;
				CLANG_WARN_OBJC_ROOT_CLASS = YES_ERROR;
				CLANG_WARN_QUOTED_INCLUDE_IN_FRAMEWORK_HEADER = YES;
				CLANG_WARN_RANGE_LOOP_ANALYSIS = YES;
				CLANG_WARN_STRICT_PROTOTYPES = YES;
				CLANG_WARN_SUSPICIOUS_MOVE = YES;
				CLANG_WARN_UNGUARDED_AVAILABILITY = YES_AGGRESSIVE;
				CLANG_WARN_UNREACHABLE_CODE = YES;
				CLANG_WARN__DUPLICATE_METHOD_MATCH = YES;
				COPY_PHASE_STRIP = NO;
				DEBUG_INFORMATION_FORMAT = dwarf;
				ENABLE_STRICT_OBJC_MSGSEND = YES;
				ENABLE_TESTABILITY = YES;
				ENABLE_USER_SCRIPT_SANDBOXING = YES;
				GCC_C_LANGUAGE_STANDARD = gnu17;
				GCC_DYNAMIC_NO_PIC = NO;
				GCC_NO_COMMON_BLOCKS = YES;
				GCC_OPTIMIZATION_LEVEL = 0;
				GCC_PREPROCESSOR_DEFINITIONS = (
					"DEBUG=1",
					"$(inherited)",
				);
				GCC_WARN_64_TO_32_BIT_CONVERSION = YES;
				GCC_WARN_ABOUT_RETURN_TYPE = YES_ERROR;
				GCC_WARN_UNDECLARED_SELECTOR = YES;
				GCC_WARN_UNINITIALIZED_AUTOS = YES_AGGRESSIVE;
				GCC_WARN_UNUSED_FUNCTION = YES;
				GCC_WARN_UNUSED_VARIABLE = YES;
				IPHONEOS_DEPLOYMENT_TARGET = 18.4;
				LOCALIZATION_PREFERS_STRING_CATALOGS = YES;
				MTL_ENABLE_DEBUG_INFO = INCLUDE_SOURCE;
				MTL_FAST_MATH = YES;
				ONLY_ACTIVE_ARCH = YES;
				SDKROOT = iphoneos;
				SWIFT_ACTIVE_COMPILATION_CONDITIONS = "DEBUG $(inherited)";
				SWIFT_OPTIMIZATION_LEVEL = "-Onone";
			};
			name = Debug;
		};
		B61286FC2DDF085F00F17B3B /* Release */ = {
			isa = XCBuildConfiguration;
			buildSettings = {
				ALWAYS_SEARCH_USER_PATHS = NO;
				ASSETCATALOG_COMPILER_GENERATE_SWIFT_ASSET_SYMBOL_EXTENSIONS = YES;
				CLANG_ANALYZER_NONNULL = YES;
				CLANG_ANALYZER_NUMBER_OBJECT_CONVERSION = YES_AGGRESSIVE;
				CLANG_CXX_LANGUAGE_STANDARD = "gnu++20";
				CLANG_ENABLE_MODULES = YES;
				CLANG_ENABLE_OBJC_ARC = YES;
				CLANG_ENABLE_OBJC_WEAK = YES;
				CLANG_WARN_BLOCK_CAPTURE_AUTORELEASING = YES;
				CLANG_WARN_BOOL_CONVERSION = YES;
				CLANG_WARN_COMMA = YES;
				CLANG_WARN_CONSTANT_CONVERSION = YES;
				CLANG_WARN_DEPRECATED_OBJC_IMPLEMENTATIONS = YES;
				CLANG_WARN_DIRECT_OBJC_ISA_USAGE = YES_ERROR;
				CLANG_WARN_DOCUMENTATION_COMMENTS = YES;
				CLANG_WARN_EMPTY_BODY = YES;
				CLANG_WARN_ENUM_CONVERSION = YES;
				CLANG_WARN_INFINITE_RECURSION = YES;
				CLANG_WARN_INT_CONVERSION = YES;
				CLANG_WARN_NON_LITERAL_NULL_CONVERSION = YES;
				CLANG_WARN_OBJC_IMPLICIT_RETAIN_SELF = YES;
				CLANG_WARN_OBJC_LITERAL_CONVERSION = YES;
				CLANG_WARN_OBJC_ROOT_CLASS = YES_ERROR;
				CLANG_WARN_QUOTED_INCLUDE_IN_FRAMEWORK_HEADER = YES;
				CLANG_WARN_RANGE_LOOP_ANALYSIS = YES;
				CLANG_WARN_STRICT_PROTOTYPES = YES;
				CLANG_WARN_SUSPICIOUS_MOVE = YES;
				CLANG_WARN_UNGUARDED_AVAILABILITY = YES_AGGRESSIVE;
				CLANG_WARN_UNREACHABLE_CODE = YES;
				CLANG_WARN__DUPLICATE_METHOD_MATCH = YES;
				COPY_PHASE_STRIP = NO;
				DEBUG_INFORMATION_FORMAT = "dwarf-with-dsym";
				ENABLE_NS_ASSERTIONS = NO;
				ENABLE_STRICT_OBJC_MSGSEND = YES;
				ENABLE_USER_SCRIPT_SANDBOXING = YES;
				GCC_C_LANGUAGE_STANDARD = gnu17;
				GCC_NO_COMMON_BLOCKS = YES;
				GCC_WARN_64_TO_32_BIT_CONVERSION = YES;
				GCC_WARN_ABOUT_RETURN_TYPE = YES_ERROR;
				GCC_WARN_UNDECLARED_SELECTOR = YES;
				GCC_WARN_UNINITIALIZED_AUTOS = YES_AGGRESSIVE;
				GCC_WARN_UNUSED_FUNCTION = YES;
				GCC_WARN_UNUSED_VARIABLE = YES;
				IPHONEOS_DEPLOYMENT_TARGET = 18.4;
				LOCALIZATION_PREFERS_STRING_CATALOGS = YES;
				MTL_ENABLE_DEBUG_INFO = NO;
				MTL_FAST_MATH = YES;
				SDKROOT = iphoneos;
				SWIFT_COMPILATION_MODE = wholemodule;
				VALIDATE_PRODUCT = YES;
			};
			name = Release;
		};
		B61286FE2DDF085F00F17B3B /* Debug */ = {
			isa = XCBuildConfiguration;
			buildSettings = {
				ASSETCATALOG_COMPILER_APPICON_NAME = AppIcon;
				ASSETCATALOG_COMPILER_GLOBAL_ACCENT_COLOR_NAME = AccentColor;
				CODE_SIGN_STYLE = Automatic;
				CURRENT_PROJECT_VERSION = 1;
				ENABLE_PREVIEWS = YES;
				GENERATE_INFOPLIST_FILE = YES;
				INFOPLIST_FILE = "Organazr-Info.plist";
				INFOPLIST_KEY_UIApplicationSceneManifest_Generation = YES;
				INFOPLIST_KEY_UIApplicationSupportsIndirectInputEvents = YES;
				INFOPLIST_KEY_UILaunchScreen_Generation = YES;
				INFOPLIST_KEY_UISupportedInterfaceOrientations_iPad = "UIInterfaceOrientationPortrait UIInterfaceOrientationPortraitUpsideDown UIInterfaceOrientationLandscapeLeft UIInterfaceOrientationLandscapeRight";
				INFOPLIST_KEY_UISupportedInterfaceOrientations_iPhone = "UIInterfaceOrientationPortrait UIInterfaceOrientationLandscapeLeft UIInterfaceOrientationLandscapeRight";
				IPHONEOS_DEPLOYMENT_TARGET = 17.6;
				LD_RUNPATH_SEARCH_PATHS = (
					"$(inherited)",
					"@executable_path/Frameworks",
				);
				MARKETING_VERSION = 1.0;
				PRODUCT_BUNDLE_IDENTIFIER = Korolvoff.Organazr;
				PRODUCT_NAME = "$(TARGET_NAME)";
				SUPPORTED_PLATFORMS = "iphoneos iphonesimulator";
				SUPPORTS_MACCATALYST = NO;
				SUPPORTS_XR_DESIGNED_FOR_IPHONE_IPAD = NO;
				SWIFT_EMIT_LOC_STRINGS = YES;
				SWIFT_VERSION = 5.0;
				TARGETED_DEVICE_FAMILY = "1,2";
			};
			name = Debug;
		};
		B61286FF2DDF085F00F17B3B /* Release */ = {
			isa = XCBuildConfiguration;
			buildSettings = {
				ASSETCATALOG_COMPILER_APPICON_NAME = AppIcon;
				ASSETCATALOG_COMPILER_GLOBAL_ACCENT_COLOR_NAME = AccentColor;
				CODE_SIGN_STYLE = Automatic;
				CURRENT_PROJECT_VERSION = 1;
				ENABLE_PREVIEWS = YES;
				GENERATE_INFOPLIST_FILE = YES;
				INFOPLIST_FILE = "Organazr-Info.plist";
				INFOPLIST_KEY_UIApplicationSceneManifest_Generation = YES;
				INFOPLIST_KEY_UIApplicationSupportsIndirectInputEvents = YES;
				INFOPLIST_KEY_UILaunchScreen_Generation = YES;
				INFOPLIST_KEY_UISupportedInterfaceOrientations_iPad = "UIInterfaceOrientationPortrait UIInterfaceOrientationPortraitUpsideDown UIInterfaceOrientationLandscapeLeft UIInterfaceOrientationLandscapeRight";
				INFOPLIST_KEY_UISupportedInterfaceOrientations_iPhone = "UIInterfaceOrientationPortrait UIInterfaceOrientationLandscapeLeft UIInterfaceOrientationLandscapeRight";
				IPHONEOS_DEPLOYMENT_TARGET = 17.6;
				LD_RUNPATH_SEARCH_PATHS = (
					"$(inherited)",
					"@executable_path/Frameworks",
				);
				MARKETING_VERSION = 1.0;
				PRODUCT_BUNDLE_IDENTIFIER = Korolvoff.Organazr;
				PRODUCT_NAME = "$(TARGET_NAME)";
				SUPPORTED_PLATFORMS = "iphoneos iphonesimulator";
				SUPPORTS_MACCATALYST = NO;
				SUPPORTS_XR_DESIGNED_FOR_IPHONE_IPAD = NO;
				SWIFT_EMIT_LOC_STRINGS = YES;
				SWIFT_VERSION = 5.0;
				TARGETED_DEVICE_FAMILY = "1,2";
			};
			name = Release;
		};
/* End XCBuildConfiguration section */

/* Begin XCConfigurationList section */
		B61286ED2DDF085D00F17B3B /* Build configuration list for PBXProject "Organazr" */ = {
			isa = XCConfigurationList;
			buildConfigurations = (
				B61286FB2DDF085F00F17B3B /* Debug */,
				B61286FC2DDF085F00F17B3B /* Release */,
			);
			defaultConfigurationIsVisible = 0;
			defaultConfigurationName = Release;
		};
		B61286FD2DDF085F00F17B3B /* Build configuration list for PBXNativeTarget "Organazr" */ = {
			isa = XCConfigurationList;
			buildConfigurations = (
				B61286FE2DDF085F00F17B3B /* Debug */,
				B61286FF2DDF085F00F17B3B /* Release */,
			);
			defaultConfigurationIsVisible = 0;
			defaultConfigurationName = Release;
		};
/* End XCConfigurationList section */
	};
	rootObject = B61286EA2DDF085D00F17B3B /* Project object */;
}
